<?xml version="1.0" encoding="utf-8"?>
<Project ToolsVersion="4.0" xmlns="http://schemas.microsoft.com/developer/msbuild/2003">
  <ItemGroup>
    <Filter Include="Source Files">
      <UniqueIdentifier>{4a08d44f-211c-492c-8513-bec77fc6f56e}</UniqueIdentifier>
    </Filter>
    <Filter Include="Generated Files">
      <UniqueIdentifier>{db038779-9dff-4534-a6b4-2d452489c6f9}</UniqueIdentifier>
      <SourceControlFiles>False</SourceControlFiles>
    </Filter>
  </ItemGroup>
  <ItemGroup>
    <None Include="AtlExceptionServerps.def" />
  </ItemGroup>
  <ItemGroup>
    <ClCompile Include="AtlExceptionServer_i.c">
      <Filter>Generated Files</Filter>
    </ClCompile>
    <ClCompile Include="AtlExceptionServer_p.c">
      <Filter>Generated Files</Filter>
    </ClCompile>
    <ClCompile Include="dlldata.c">
      <Filter>Generated Files</Filter>
    </ClCompile>
  </ItemGroup>
</Project>