<?xml version="1.0" encoding="utf-8"?>
<Project ToolsVersion="4.0" xmlns="http://schemas.microsoft.com/developer/msbuild/2003">
  <ItemGroup>
    <Filter Include="Source Files">
      <UniqueIdentifier>{aed822e0-9ac2-4d12-87be-155601945f60}</UniqueIdentifier>
    </Filter>
    <Filter Include="Generated Files">
      <UniqueIdentifier>{bb1705ef-80b4-4cf1-84b1-b277c08e82c4}</UniqueIdentifier>
      <SourceControlFiles>False</SourceControlFiles>
    </Filter>
  </ItemGroup>
  <ItemGroup>
    <None Include="AtlComServerps.def" />
  </ItemGroup>
  <ItemGroup>
    <ClCompile Include="AtlComServer_i.c">
      <Filter>Generated Files</Filter>
    </ClCompile>
    <ClCompile Include="AtlComServer_p.c">
      <Filter>Generated Files</Filter>
    </ClCompile>
    <ClCompile Include="dlldata.c">
      <Filter>Generated Files</Filter>
    </ClCompile>
  </ItemGroup>
</Project>