
Microsoft Visual Studio Solution File, Format Version 12.00
# Visual Studio 14
VisualStudioVersion = 14.0.25420.1
MinimumVisualStudioVersion = 10.0.40219.1
Project("{8BC9CEB8-8B4A-11D0-8D11-00A0C91BC942}") = "AtlComServer", "AtlComServer\AtlComServer.vcxproj", "{37620291-6626-4F0A-9BF3-5B3214F8B610}"
EndProject
Project("{8BC9CEB8-8B4A-11D0-8D11-00A0C91BC942}") = "AtlComServerPS", "AtlComServer\AtlComServerPS.vcxproj", "{439BFE19-4F86-49EB-B94B-30201C324685}"
	ProjectSection(ProjectDependencies) = postProject
		{37620291-6626-4F0A-9BF3-5B3214F8B610} = {37620291-6626-4F0A-9BF3-5B3214F8B610}
	EndProjectSection
EndProject
Project("{8BC9CEB8-8B4A-11D0-8D11-00A0C91BC942}") = "CppNativeClient", "CppNativeClient\CppNativeClient.vcxproj", "{04970113-491C-4E57-A9F8-0E221BB8462F}"
EndProject
Project("{8BC9CEB8-8B4A-11D0-8D11-00A0C91BC942}") = "CppClrCleint", "CppClrCleint\CppClrCleint.vcxproj", "{674EBE89-E78D-4F11-8FE9-6C75D4B945A2}"
EndProject
Project("{8BC9CEB8-8B4A-11D0-8D11-00A0C91BC942}") = "ClrClient", "ClrClient\ClrClient.vcxproj", "{C06A4321-62C9-4422-B222-9B3B53A01041}"
EndProject
Project("{FAE04EC0-301F-11D3-BF4B-00C04F79EFBC}") = "CSharpCleint", "CSharpCleint\CSharpCleint.csproj", "{14CE23BD-BE55-4D3D-B4CE-E1256B16112E}"
EndProject
Project("{F184B08F-C81C-45F6-A57F-5ABD9991F28F}") = "VisualBasicClient", "VisualBasicClient\VisualBasicClient.vbproj", "{870EC60F-AEBF-46F9-9018-C2E61B3C922E}"
EndProject
Global
	GlobalSection(SolutionConfigurationPlatforms) = preSolution
		Debug|Any CPU = Debug|Any CPU
		Debug|x64 = Debug|x64
		Debug|x86 = Debug|x86
		Release|Any CPU = Release|Any CPU
		Release|x64 = Release|x64
		Release|x86 = Release|x86
	EndGlobalSection
	GlobalSection(ProjectConfigurationPlatforms) = postSolution
		{37620291-6626-4F0A-9BF3-5B3214F8B610}.Debug|Any CPU.ActiveCfg = Debug|Win32
		{37620291-6626-4F0A-9BF3-5B3214F8B610}.Debug|x64.ActiveCfg = Debug|x64
		{37620291-6626-4F0A-9BF3-5B3214F8B610}.Debug|x64.Build.0 = Debug|x64
		{37620291-6626-4F0A-9BF3-5B3214F8B610}.Debug|x86.ActiveCfg = Debug|Win32
		{37620291-6626-4F0A-9BF3-5B3214F8B610}.Debug|x86.Build.0 = Debug|Win32
		{37620291-6626-4F0A-9BF3-5B3214F8B610}.Release|Any CPU.ActiveCfg = Release|Win32
		{37620291-6626-4F0A-9BF3-5B3214F8B610}.Release|x64.ActiveCfg = Release|x64
		{37620291-6626-4F0A-9BF3-5B3214F8B610}.Release|x64.Build.0 = Release|x64
		{37620291-6626-4F0A-9BF3-5B3214F8B610}.Release|x86.ActiveCfg = Release|Win32
		{37620291-6626-4F0A-9BF3-5B3214F8B610}.Release|x86.Build.0 = Release|Win32
		{439BFE19-4F86-49EB-B94B-30201C324685}.Debug|Any CPU.ActiveCfg = Debug|Win32
		{439BFE19-4F86-49EB-B94B-30201C324685}.Debug|x64.ActiveCfg = Debug|x64
		{439BFE19-4F86-49EB-B94B-30201C324685}.Debug|x86.ActiveCfg = Debug|Win32
		{439BFE19-4F86-49EB-B94B-30201C324685}.Release|Any CPU.ActiveCfg = Release|Win32
		{439BFE19-4F86-49EB-B94B-30201C324685}.Release|x64.ActiveCfg = Release|x64
		{439BFE19-4F86-49EB-B94B-30201C324685}.Release|x86.ActiveCfg = Release|Win32
		{04970113-491C-4E57-A9F8-0E221BB8462F}.Debug|Any CPU.ActiveCfg = Debug|Win32
		{04970113-491C-4E57-A9F8-0E221BB8462F}.Debug|x64.ActiveCfg = Debug|x64
		{04970113-491C-4E57-A9F8-0E221BB8462F}.Debug|x64.Build.0 = Debug|x64
		{04970113-491C-4E57-A9F8-0E221BB8462F}.Debug|x86.ActiveCfg = Debug|Win32
		{04970113-491C-4E57-A9F8-0E221BB8462F}.Debug|x86.Build.0 = Debug|Win32
		{04970113-491C-4E57-A9F8-0E221BB8462F}.Release|Any CPU.ActiveCfg = Release|Win32
		{04970113-491C-4E57-A9F8-0E221BB8462F}.Release|x64.ActiveCfg = Release|x64
		{04970113-491C-4E57-A9F8-0E221BB8462F}.Release|x64.Build.0 = Release|x64
		{04970113-491C-4E57-A9F8-0E221BB8462F}.Release|x86.ActiveCfg = Release|Win32
		{04970113-491C-4E57-A9F8-0E221BB8462F}.Release|x86.Build.0 = Release|Win32
		{674EBE89-E78D-4F11-8FE9-6C75D4B945A2}.Debug|Any CPU.ActiveCfg = Debug|Win32
		{674EBE89-E78D-4F11-8FE9-6C75D4B945A2}.Debug|x64.ActiveCfg = Debug|x64
		{674EBE89-E78D-4F11-8FE9-6C75D4B945A2}.Debug|x64.Build.0 = Debug|x64
		{674EBE89-E78D-4F11-8FE9-6C75D4B945A2}.Debug|x86.ActiveCfg = Debug|Win32
		{674EBE89-E78D-4F11-8FE9-6C75D4B945A2}.Debug|x86.Build.0 = Debug|Win32
		{674EBE89-E78D-4F11-8FE9-6C75D4B945A2}.Release|Any CPU.ActiveCfg = Release|Win32
		{674EBE89-E78D-4F11-8FE9-6C75D4B945A2}.Release|x64.ActiveCfg = Release|x64
		{674EBE89-E78D-4F11-8FE9-6C75D4B945A2}.Release|x64.Build.0 = Release|x64
		{674EBE89-E78D-4F11-8FE9-6C75D4B945A2}.Release|x86.ActiveCfg = Release|Win32
		{674EBE89-E78D-4F11-8FE9-6C75D4B945A2}.Release|x86.Build.0 = Release|Win32
		{C06A4321-62C9-4422-B222-9B3B53A01041}.Debug|Any CPU.ActiveCfg = Debug|Win32
		{C06A4321-62C9-4422-B222-9B3B53A01041}.Debug|x64.ActiveCfg = Debug|x64
		{C06A4321-62C9-4422-B222-9B3B53A01041}.Debug|x64.Build.0 = Debug|x64
		{C06A4321-62C9-4422-B222-9B3B53A01041}.Debug|x86.ActiveCfg = Debug|Win32
		{C06A4321-62C9-4422-B222-9B3B53A01041}.Debug|x86.Build.0 = Debug|Win32
		{C06A4321-62C9-4422-B222-9B3B53A01041}.Release|Any CPU.ActiveCfg = Release|Win32
		{C06A4321-62C9-4422-B222-9B3B53A01041}.Release|x64.ActiveCfg = Release|x64
		{C06A4321-62C9-4422-B222-9B3B53A01041}.Release|x64.Build.0 = Release|x64
		{C06A4321-62C9-4422-B222-9B3B53A01041}.Release|x86.ActiveCfg = Release|Win32
		{C06A4321-62C9-4422-B222-9B3B53A01041}.Release|x86.Build.0 = Release|Win32
		{14CE23BD-BE55-4D3D-B4CE-E1256B16112E}.Debug|Any CPU.ActiveCfg = Debug|Any CPU
		{14CE23BD-BE55-4D3D-B4CE-E1256B16112E}.Debug|Any CPU.Build.0 = Debug|Any CPU
		{14CE23BD-BE55-4D3D-B4CE-E1256B16112E}.Debug|x64.ActiveCfg = Debug|Any CPU
		{14CE23BD-BE55-4D3D-B4CE-E1256B16112E}.Debug|x64.Build.0 = Debug|Any CPU
		{14CE23BD-BE55-4D3D-B4CE-E1256B16112E}.Debug|x86.ActiveCfg = Debug|Any CPU
		{14CE23BD-BE55-4D3D-B4CE-E1256B16112E}.Debug|x86.Build.0 = Debug|Any CPU
		{14CE23BD-BE55-4D3D-B4CE-E1256B16112E}.Release|Any CPU.ActiveCfg = Release|Any CPU
		{14CE23BD-BE55-4D3D-B4CE-E1256B16112E}.Release|Any CPU.Build.0 = Release|Any CPU
		{14CE23BD-BE55-4D3D-B4CE-E1256B16112E}.Release|x64.ActiveCfg = Release|Any CPU
		{14CE23BD-BE55-4D3D-B4CE-E1256B16112E}.Release|x64.Build.0 = Release|Any CPU
		{14CE23BD-BE55-4D3D-B4CE-E1256B16112E}.Release|x86.ActiveCfg = Release|Any CPU
		{14CE23BD-BE55-4D3D-B4CE-E1256B16112E}.Release|x86.Build.0 = Release|Any CPU
		{870EC60F-AEBF-46F9-9018-C2E61B3C922E}.Debug|Any CPU.ActiveCfg = Debug|Any CPU
		{870EC60F-AEBF-46F9-9018-C2E61B3C922E}.Debug|Any CPU.Build.0 = Debug|Any CPU
		{870EC60F-AEBF-46F9-9018-C2E61B3C922E}.Debug|x64.ActiveCfg = Debug|Any CPU
		{870EC60F-AEBF-46F9-9018-C2E61B3C922E}.Debug|x64.Build.0 = Debug|Any CPU
		{870EC60F-AEBF-46F9-9018-C2E61B3C922E}.Debug|x86.ActiveCfg = Debug|Any CPU
		{870EC60F-AEBF-46F9-9018-C2E61B3C922E}.Debug|x86.Build.0 = Debug|Any CPU
		{870EC60F-AEBF-46F9-9018-C2E61B3C922E}.Release|Any CPU.ActiveCfg = Release|Any CPU
		{870EC60F-AEBF-46F9-9018-C2E61B3C922E}.Release|Any CPU.Build.0 = Release|Any CPU
		{870EC60F-AEBF-46F9-9018-C2E61B3C922E}.Release|x64.ActiveCfg = Release|Any CPU
		{870EC60F-AEBF-46F9-9018-C2E61B3C922E}.Release|x64.Build.0 = Release|Any CPU
		{870EC60F-AEBF-46F9-9018-C2E61B3C922E}.Release|x86.ActiveCfg = Release|Any CPU
		{870EC60F-AEBF-46F9-9018-C2E61B3C922E}.Release|x86.Build.0 = Release|Any CPU
	EndGlobalSection
	GlobalSection(SolutionProperties) = preSolution
		HideSolutionNode = FALSE
	EndGlobalSection
EndGlobal
